// !$*UTF8*$!
{
	archiveVersion = 1;
	classes = {
	};
	objectVersion = 56;
	objects = {

/* Begin PBXBuildFile section */
		8D57DFBC2B349491008934C8 /* AppDelegate.swift in Sources */ = {isa = PBXBuildFile; fileRef = 8D57DFBB2B349491008934C8 /* AppDelegate.swift */; };
		8D57DFBE2B349491008934C8 /* SceneDelegate.swift in Sources */ = {isa = PBXBuildFile; fileRef = 8D57DFBD2B349491008934C8 /* SceneDelegate.swift */; };
		8D57DFC02B349491008934C8 /* OverviewController.swift in Sources */ = {isa = PBXBuildFile; fileRef = 8D57DFBF2B349491008934C8 /* OverviewController.swift */; };
		8D57DFC52B349493008934C8 /* Assets.xcassets in Resources */ = {isa = PBXBuildFile; fileRef = 8D57DFC42B349493008934C8 /* Assets.xcassets */; };
		8D57DFC82B349493008934C8 /* LaunchScreen.storyboard in Resources */ = {isa = PBXBuildFile; fileRef = 8D57DFC62B349493008934C8 /* LaunchScreen.storyboard */; };
		8D57DFD32B349493008934C8 /* sportTrackerTests.swift in Sources */ = {isa = PBXBuildFile; fileRef = 8D57DFD22B349493008934C8 /* sportTrackerTests.swift */; };
		8D57DFDD2B349493008934C8 /* sportTrackerUITests.swift in Sources */ = {isa = PBXBuildFile; fileRef = 8D57DFDC2B349493008934C8 /* sportTrackerUITests.swift */; };
		8D57DFDF2B349493008934C8 /* sportTrackerUITestsLaunchTests.swift in Sources */ = {isa = PBXBuildFile; fileRef = 8D57DFDE2B349493008934C8 /* sportTrackerUITestsLaunchTests.swift */; };
		8D57DFEE2B349725008934C8 /* TabBarController.swift in Sources */ = {isa = PBXBuildFile; fileRef = 8D57DFED2B349725008934C8 /* TabBarController.swift */; };
		8D57DFF12B3497CB008934C8 /* UIColor + ext.swift in Sources */ = {isa = PBXBuildFile; fileRef = 8D57DFF02B3497CB008934C8 /* UIColor + ext.swift */; };
		8D57DFF42B349892008934C8 /* Resourses.swift in Sources */ = {isa = PBXBuildFile; fileRef = 8D57DFF32B349892008934C8 /* Resourses.swift */; };
		8D57DFF62B34A02D008934C8 /* NavBarController.swift in Sources */ = {isa = PBXBuildFile; fileRef = 8D57DFF52B34A02D008934C8 /* NavBarController.swift */; };
		8D57DFF92B34A2A7008934C8 /* BaseController.swift in Sources */ = {isa = PBXBuildFile; fileRef = 8D57DFF82B34A2A7008934C8 /* BaseController.swift */; };
		8D57DFFB2B34A45B008934C8 /* UIView + ext.swift in Sources */ = {isa = PBXBuildFile; fileRef = 8D57DFFA2B34A45B008934C8 /* UIView + ext.swift */; };
		8D57E0052B34A749008934C8 /* SessionController.swift in Sources */ = {isa = PBXBuildFile; fileRef = 8D57E0042B34A749008934C8 /* SessionController.swift */; };
		8D57E0072B34A772008934C8 /* ProgressController.swift in Sources */ = {isa = PBXBuildFile; fileRef = 8D57E0062B34A772008934C8 /* ProgressController.swift */; };
		8D57E0092B34A78A008934C8 /* SettingsController.swift in Sources */ = {isa = PBXBuildFile; fileRef = 8D57E0082B34A78A008934C8 /* SettingsController.swift */; };
		8D57E00C2B39F680008934C8 /* WAButton.swift in Sources */ = {isa = PBXBuildFile; fileRef = 8D57E00B2B39F680008934C8 /* WAButton.swift */; };
		8D57E00F2B39FE30008934C8 /* SnapKit in Frameworks */ = {isa = PBXBuildFile; productRef = 8D57E00E2B39FE30008934C8 /* SnapKit */; };
		8D6862E42B3DB10A00A2EA19 /* OverviewNavBar.swift in Sources */ = {isa = PBXBuildFile; fileRef = 8D6862E32B3DB10900A2EA19 /* OverviewNavBar.swift */; };
		8D6862E62B3DB1CB00A2EA19 /* BaseView.swift in Sources */ = {isa = PBXBuildFile; fileRef = 8D6862E52B3DB1CB00A2EA19 /* BaseView.swift */; };
		8D6862E92B3E1AB500A2EA19 /* WeekView.swift in Sources */ = {isa = PBXBuildFile; fileRef = 8D6862E82B3E1AB500A2EA19 /* WeekView.swift */; };
		8D6862EB2B3E1C5900A2EA19 /* WeekDayView.swift in Sources */ = {isa = PBXBuildFile; fileRef = 8D6862EA2B3E1C5900A2EA19 /* WeekDayView.swift */; };
		8D6862ED2B3E22F700A2EA19 /* Date.swift in Sources */ = {isa = PBXBuildFile; fileRef = 8D6862EC2B3E22F700A2EA19 /* Date.swift */; };
		8D6862F02B43253000A2EA19 /* BaseInfoView.swift in Sources */ = {isa = PBXBuildFile; fileRef = 8D6862EF2B43253000A2EA19 /* BaseInfoView.swift */; };
		8D6862F32B45F7A200A2EA19 /* TimerView.swift in Sources */ = {isa = PBXBuildFile; fileRef = 8D6862F22B45F7A200A2EA19 /* TimerView.swift */; };
		8D6862F62B45F83100A2EA19 /* ProgressView.swift in Sources */ = {isa = PBXBuildFile; fileRef = 8D6862F52B45F83100A2EA19 /* ProgressView.swift */; };
		8D7CA1662B488EA700E1094A /* PercentView.swift in Sources */ = {isa = PBXBuildFile; fileRef = 8D7CA1652B488EA700E1094A /* PercentView.swift */; };
		8D7CA16A2B48A12300E1094A /* StatsView.swift in Sources */ = {isa = PBXBuildFile; fileRef = 8D7CA1692B48A12300E1094A /* StatsView.swift */; };
		8D7CA16D2B48A18B00E1094A /* StatsItemView.swift in Sources */ = {isa = PBXBuildFile; fileRef = 8D7CA16C2B48A18B00E1094A /* StatsItemView.swift */; };
		8D7CA16F2B4970B000E1094A /* StepsView.swift in Sources */ = {isa = PBXBuildFile; fileRef = 8D7CA16E2B4970B000E1094A /* StepsView.swift */; };
		8D7CA1722B49722100E1094A /* BarsView.swift in Sources */ = {isa = PBXBuildFile; fileRef = 8D7CA1712B49722100E1094A /* BarsView.swift */; };
		8D7CA1762B49725F00E1094A /* BarView.swift in Sources */ = {isa = PBXBuildFile; fileRef = 8D7CA1752B49725F00E1094A /* BarView.swift */; };
		8D7CA17A2B4B4F5A00E1094A /* DailyPerformanceView.swift in Sources */ = {isa = PBXBuildFile; fileRef = 8D7CA1792B4B4F5A00E1094A /* DailyPerformanceView.swift */; };
		8D7CA17D2B4BFCC300E1094A /* MonthlyPerformanceView.swift in Sources */ = {isa = PBXBuildFile; fileRef = 8D7CA17C2B4BFCC300E1094A /* MonthlyPerformanceView.swift */; };
		8D7CA1812B4C5C4900E1094A /* ChartsView.swift in Sources */ = {isa = PBXBuildFile; fileRef = 8D7CA1802B4C5C4900E1094A /* ChartsView.swift */; };
		8D7CA1832B4C5F7F00E1094A /* YAxisView.swift in Sources */ = {isa = PBXBuildFile; fileRef = 8D7CA1822B4C5F7F00E1094A /* YAxisView.swift */; };
		8D7CA1852B4C619900E1094A /* XAxisView.swift in Sources */ = {isa = PBXBuildFile; fileRef = 8D7CA1842B4C619900E1094A /* XAxisView.swift */; };
		8D7CA1872B4E893700E1094A /* ChartView.swift in Sources */ = {isa = PBXBuildFile; fileRef = 8D7CA1862B4E893700E1094A /* ChartView.swift */; };
		8D7CA18C2B4FE4BD00E1094A /* SectionHeaderView.swift in Sources */ = {isa = PBXBuildFile; fileRef = 8D7CA18B2B4FE4BD00E1094A /* SectionHeaderView.swift */; };
/* End PBXBuildFile section */

/* Begin PBXContainerItemProxy section */
		8D57DFCF2B349493008934C8 /* PBXContainerItemProxy */ = {
			isa = PBXContainerItemProxy;
			containerPortal = 8D57DFB02B349491008934C8 /* Project object */;
			proxyType = 1;
			remoteGlobalIDString = 8D57DFB72B349491008934C8;
			remoteInfo = sportTracker;
		};
		8D57DFD92B349493008934C8 /* PBXContainerItemProxy */ = {
			isa = PBXContainerItemProxy;
			containerPortal = 8D57DFB02B349491008934C8 /* Project object */;
			proxyType = 1;
			remoteGlobalIDString = 8D57DFB72B349491008934C8;
			remoteInfo = sportTracker;
		};
/* End PBXContainerItemProxy section */

/* Begin PBXFileReference section */
		8D57DFB82B349491008934C8 /* sportTracker.app */ = {isa = PBXFileReference; explicitFileType = wrapper.application; includeInIndex = 0; path = sportTracker.app; sourceTree = BUILT_PRODUCTS_DIR; };
		8D57DFBB2B349491008934C8 /* AppDelegate.swift */ = {isa = PBXFileReference; lastKnownFileType = sourcecode.swift; path = AppDelegate.swift; sourceTree = "<group>"; };
		8D57DFBD2B349491008934C8 /* SceneDelegate.swift */ = {isa = PBXFileReference; lastKnownFileType = sourcecode.swift; path = SceneDelegate.swift; sourceTree = "<group>"; };
		8D57DFBF2B349491008934C8 /* OverviewController.swift */ = {isa = PBXFileReference; lastKnownFileType = sourcecode.swift; path = OverviewController.swift; sourceTree = "<group>"; };
		8D57DFC42B349493008934C8 /* Assets.xcassets */ = {isa = PBXFileReference; lastKnownFileType = folder.assetcatalog; path = Assets.xcassets; sourceTree = "<group>"; };
		8D57DFC72B349493008934C8 /* Base */ = {isa = PBXFileReference; lastKnownFileType = file.storyboard; name = Base; path = Base.lproj/LaunchScreen.storyboard; sourceTree = "<group>"; };
		8D57DFC92B349493008934C8 /* Info.plist */ = {isa = PBXFileReference; lastKnownFileType = text.plist.xml; path = Info.plist; sourceTree = "<group>"; };
		8D57DFCE2B349493008934C8 /* sportTrackerTests.xctest */ = {isa = PBXFileReference; explicitFileType = wrapper.cfbundle; includeInIndex = 0; path = sportTrackerTests.xctest; sourceTree = BUILT_PRODUCTS_DIR; };
		8D57DFD22B349493008934C8 /* sportTrackerTests.swift */ = {isa = PBXFileReference; lastKnownFileType = sourcecode.swift; path = sportTrackerTests.swift; sourceTree = "<group>"; };
		8D57DFD82B349493008934C8 /* sportTrackerUITests.xctest */ = {isa = PBXFileReference; explicitFileType = wrapper.cfbundle; includeInIndex = 0; path = sportTrackerUITests.xctest; sourceTree = BUILT_PRODUCTS_DIR; };
		8D57DFDC2B349493008934C8 /* sportTrackerUITests.swift */ = {isa = PBXFileReference; lastKnownFileType = sourcecode.swift; path = sportTrackerUITests.swift; sourceTree = "<group>"; };
		8D57DFDE2B349493008934C8 /* sportTrackerUITestsLaunchTests.swift */ = {isa = PBXFileReference; lastKnownFileType = sourcecode.swift; path = sportTrackerUITestsLaunchTests.swift; sourceTree = "<group>"; };
		8D57DFED2B349725008934C8 /* TabBarController.swift */ = {isa = PBXFileReference; lastKnownFileType = sourcecode.swift; path = TabBarController.swift; sourceTree = "<group>"; };
		8D57DFF02B3497CB008934C8 /* UIColor + ext.swift */ = {isa = PBXFileReference; lastKnownFileType = sourcecode.swift; path = "UIColor + ext.swift"; sourceTree = "<group>"; };
		8D57DFF32B349892008934C8 /* Resourses.swift */ = {isa = PBXFileReference; lastKnownFileType = sourcecode.swift; path = Resourses.swift; sourceTree = "<group>"; };
		8D57DFF52B34A02D008934C8 /* NavBarController.swift */ = {isa = PBXFileReference; lastKnownFileType = sourcecode.swift; path = NavBarController.swift; sourceTree = "<group>"; };
		8D57DFF82B34A2A7008934C8 /* BaseController.swift */ = {isa = PBXFileReference; lastKnownFileType = sourcecode.swift; path = BaseController.swift; sourceTree = "<group>"; };
		8D57DFFA2B34A45B008934C8 /* UIView + ext.swift */ = {isa = PBXFileReference; lastKnownFileType = sourcecode.swift; path = "UIView + ext.swift"; sourceTree = "<group>"; };
		8D57E0042B34A749008934C8 /* SessionController.swift */ = {isa = PBXFileReference; lastKnownFileType = sourcecode.swift; path = SessionController.swift; sourceTree = "<group>"; };
		8D57E0062B34A772008934C8 /* ProgressController.swift */ = {isa = PBXFileReference; lastKnownFileType = sourcecode.swift; path = ProgressController.swift; sourceTree = "<group>"; };
		8D57E0082B34A78A008934C8 /* SettingsController.swift */ = {isa = PBXFileReference; lastKnownFileType = sourcecode.swift; path = SettingsController.swift; sourceTree = "<group>"; };
		8D57E00B2B39F680008934C8 /* WAButton.swift */ = {isa = PBXFileReference; lastKnownFileType = sourcecode.swift; path = WAButton.swift; sourceTree = "<group>"; };
		8D6862E32B3DB10900A2EA19 /* OverviewNavBar.swift */ = {isa = PBXFileReference; lastKnownFileType = sourcecode.swift; path = OverviewNavBar.swift; sourceTree = "<group>"; };
		8D6862E52B3DB1CB00A2EA19 /* BaseView.swift */ = {isa = PBXFileReference; lastKnownFileType = sourcecode.swift; path = BaseView.swift; sourceTree = "<group>"; };
		8D6862E82B3E1AB500A2EA19 /* WeekView.swift */ = {isa = PBXFileReference; lastKnownFileType = sourcecode.swift; path = WeekView.swift; sourceTree = "<group>"; };
		8D6862EA2B3E1C5900A2EA19 /* WeekDayView.swift */ = {isa = PBXFileReference; lastKnownFileType = sourcecode.swift; path = WeekDayView.swift; sourceTree = "<group>"; };
		8D6862EC2B3E22F700A2EA19 /* Date.swift */ = {isa = PBXFileReference; lastKnownFileType = sourcecode.swift; path = Date.swift; sourceTree = "<group>"; };
		8D6862EF2B43253000A2EA19 /* BaseInfoView.swift */ = {isa = PBXFileReference; lastKnownFileType = sourcecode.swift; path = BaseInfoView.swift; sourceTree = "<group>"; };
		8D6862F22B45F7A200A2EA19 /* TimerView.swift */ = {isa = PBXFileReference; lastKnownFileType = sourcecode.swift; path = TimerView.swift; sourceTree = "<group>"; };
		8D6862F52B45F83100A2EA19 /* ProgressView.swift */ = {isa = PBXFileReference; lastKnownFileType = sourcecode.swift; path = ProgressView.swift; sourceTree = "<group>"; };
		8D7CA1652B488EA700E1094A /* PercentView.swift */ = {isa = PBXFileReference; lastKnownFileType = sourcecode.swift; path = PercentView.swift; sourceTree = "<group>"; };
		8D7CA1692B48A12300E1094A /* StatsView.swift */ = {isa = PBXFileReference; lastKnownFileType = sourcecode.swift; path = StatsView.swift; sourceTree = "<group>"; };
		8D7CA16C2B48A18B00E1094A /* StatsItemView.swift */ = {isa = PBXFileReference; lastKnownFileType = sourcecode.swift; path = StatsItemView.swift; sourceTree = "<group>"; };
		8D7CA16E2B4970B000E1094A /* StepsView.swift */ = {isa = PBXFileReference; lastKnownFileType = sourcecode.swift; path = StepsView.swift; sourceTree = "<group>"; };
		8D7CA1712B49722100E1094A /* BarsView.swift */ = {isa = PBXFileReference; lastKnownFileType = sourcecode.swift; path = BarsView.swift; sourceTree = "<group>"; };
		8D7CA1752B49725F00E1094A /* BarView.swift */ = {isa = PBXFileReference; lastKnownFileType = sourcecode.swift; path = BarView.swift; sourceTree = "<group>"; };
		8D7CA1792B4B4F5A00E1094A /* DailyPerformanceView.swift */ = {isa = PBXFileReference; lastKnownFileType = sourcecode.swift; path = DailyPerformanceView.swift; sourceTree = "<group>"; };
		8D7CA17C2B4BFCC300E1094A /* MonthlyPerformanceView.swift */ = {isa = PBXFileReference; lastKnownFileType = sourcecode.swift; path = MonthlyPerformanceView.swift; sourceTree = "<group>"; };
		8D7CA1802B4C5C4900E1094A /* ChartsView.swift */ = {isa = PBXFileReference; lastKnownFileType = sourcecode.swift; path = ChartsView.swift; sourceTree = "<group>"; };
		8D7CA1822B4C5F7F00E1094A /* YAxisView.swift */ = {isa = PBXFileReference; lastKnownFileType = sourcecode.swift; path = YAxisView.swift; sourceTree = "<group>"; };
		8D7CA1842B4C619900E1094A /* XAxisView.swift */ = {isa = PBXFileReference; lastKnownFileType = sourcecode.swift; path = XAxisView.swift; sourceTree = "<group>"; };
		8D7CA1862B4E893700E1094A /* ChartView.swift */ = {isa = PBXFileReference; lastKnownFileType = sourcecode.swift; path = ChartView.swift; sourceTree = "<group>"; };
		8D7CA18B2B4FE4BD00E1094A /* SectionHeaderView.swift */ = {isa = PBXFileReference; lastKnownFileType = sourcecode.swift; path = SectionHeaderView.swift; sourceTree = "<group>"; };
/* End PBXFileReference section */

/* Begin PBXFrameworksBuildPhase section */
		8D57DFB52B349491008934C8 /* Frameworks */ = {
			isa = PBXFrameworksBuildPhase;
			buildActionMask = 2147483647;
			files = (
				8D57E00F2B39FE30008934C8 /* SnapKit in Frameworks */,
			);
			runOnlyForDeploymentPostprocessing = 0;
		};
		8D57DFCB2B349493008934C8 /* Frameworks */ = {
			isa = PBXFrameworksBuildPhase;
			buildActionMask = 2147483647;
			files = (
			);
			runOnlyForDeploymentPostprocessing = 0;
		};
		8D57DFD52B349493008934C8 /* Frameworks */ = {
			isa = PBXFrameworksBuildPhase;
			buildActionMask = 2147483647;
			files = (
			);
			runOnlyForDeploymentPostprocessing = 0;
		};
/* End PBXFrameworksBuildPhase section */

/* Begin PBXGroup section */
		8D57DFAF2B349491008934C8 = {
			isa = PBXGroup;
			children = (
				8D57DFBA2B349491008934C8 /* sportTracker */,
				8D57DFD12B349493008934C8 /* sportTrackerTests */,
				8D57DFDB2B349493008934C8 /* sportTrackerUITests */,
				8D57DFB92B349491008934C8 /* Products */,
			);
			sourceTree = "<group>";
		};
		8D57DFB92B349491008934C8 /* Products */ = {
			isa = PBXGroup;
			children = (
				8D57DFB82B349491008934C8 /* sportTracker.app */,
				8D57DFCE2B349493008934C8 /* sportTrackerTests.xctest */,
				8D57DFD82B349493008934C8 /* sportTrackerUITests.xctest */,
			);
			name = Products;
			sourceTree = "<group>";
		};
		8D57DFBA2B349491008934C8 /* sportTracker */ = {
			isa = PBXGroup;
			children = (
				8D57DFEF2B3497BB008934C8 /* Helpers */,
				8D57DFEB2B349585008934C8 /* Application */,
				8D57DFEC2B3495B6008934C8 /* SupportingFiles */,
				8D57DFF72B34A296008934C8 /* Controllers */,
			);
			path = sportTracker;
			sourceTree = "<group>";
		};
		8D57DFD12B349493008934C8 /* sportTrackerTests */ = {
			isa = PBXGroup;
			children = (
				8D57DFD22B349493008934C8 /* sportTrackerTests.swift */,
			);
			path = sportTrackerTests;
			sourceTree = "<group>";
		};
		8D57DFDB2B349493008934C8 /* sportTrackerUITests */ = {
			isa = PBXGroup;
			children = (
				8D57DFDC2B349493008934C8 /* sportTrackerUITests.swift */,
				8D57DFDE2B349493008934C8 /* sportTrackerUITestsLaunchTests.swift */,
			);
			path = sportTrackerUITests;
			sourceTree = "<group>";
		};
		8D57DFEB2B349585008934C8 /* Application */ = {
			isa = PBXGroup;
			children = (
				8D57DFBB2B349491008934C8 /* AppDelegate.swift */,
				8D57DFBD2B349491008934C8 /* SceneDelegate.swift */,
			);
			path = Application;
			sourceTree = "<group>";
		};
		8D57DFEC2B3495B6008934C8 /* SupportingFiles */ = {
			isa = PBXGroup;
			children = (
				8D57DFC42B349493008934C8 /* Assets.xcassets */,
				8D57DFC62B349493008934C8 /* LaunchScreen.storyboard */,
				8D57DFC92B349493008934C8 /* Info.plist */,
			);
			path = SupportingFiles;
			sourceTree = "<group>";
		};
		8D57DFEF2B3497BB008934C8 /* Helpers */ = {
			isa = PBXGroup;
			children = (
				8D57DFF22B34987B008934C8 /* Extensions */,
				8D57DFF32B349892008934C8 /* Resourses.swift */,
			);
			path = Helpers;
			sourceTree = "<group>";
		};
		8D57DFF22B34987B008934C8 /* Extensions */ = {
			isa = PBXGroup;
			children = (
				8D57DFF02B3497CB008934C8 /* UIColor + ext.swift */,
				8D57DFFA2B34A45B008934C8 /* UIView + ext.swift */,
				8D6862EC2B3E22F700A2EA19 /* Date.swift */,
			);
			path = Extensions;
			sourceTree = "<group>";
		};
		8D57DFF72B34A296008934C8 /* Controllers */ = {
			isa = PBXGroup;
			children = (
				8D57E0032B34A713008934C8 /* Settings */,
				8D57E0022B34A70A008934C8 /* Progress */,
				8D57E0012B34A701008934C8 /* Session */,
				8D57E0002B34A6F2008934C8 /* Overview */,
				8D57DFFC2B34A684008934C8 /* Base */,
			);
			path = Controllers;
			sourceTree = "<group>";
		};
		8D57DFFC2B34A684008934C8 /* Base */ = {
			isa = PBXGroup;
			children = (
				8D6862F12B43506400A2EA19 /* Views */,
				8D57DFED2B349725008934C8 /* TabBarController.swift */,
				8D57DFF52B34A02D008934C8 /* NavBarController.swift */,
				8D57DFF82B34A2A7008934C8 /* BaseController.swift */,
			);
			path = Base;
			sourceTree = "<group>";
		};
		8D57E0002B34A6F2008934C8 /* Overview */ = {
			isa = PBXGroup;
			children = (
				8D57E00A2B39F669008934C8 /* Views */,
				8D57DFBF2B349491008934C8 /* OverviewController.swift */,
			);
			path = Overview;
			sourceTree = "<group>";
		};
		8D57E0012B34A701008934C8 /* Session */ = {
			isa = PBXGroup;
			children = (
				8D6862EE2B4324FD00A2EA19 /* Views */,
				8D57E0042B34A749008934C8 /* SessionController.swift */,
			);
			path = Session;
			sourceTree = "<group>";
		};
		8D57E0022B34A70A008934C8 /* Progress */ = {
			isa = PBXGroup;
			children = (
				8D7CA1772B4B4F2100E1094A /* Views */,
				8D57E0062B34A772008934C8 /* ProgressController.swift */,
			);
			path = Progress;
			sourceTree = "<group>";
		};
		8D57E0032B34A713008934C8 /* Settings */ = {
			isa = PBXGroup;
			children = (
				8D57E0082B34A78A008934C8 /* SettingsController.swift */,
			);
			path = Settings;
			sourceTree = "<group>";
		};
		8D57E00A2B39F669008934C8 /* Views */ = {
			isa = PBXGroup;
			children = (
				8D7CA1892B4FE47600E1094A /* CollectionView */,
				8D6862E72B3E1AA500A2EA19 /* WeekView */,
				8D7CA1882B4FE46100E1094A /* NavBar */,
			);
			path = Views;
			sourceTree = "<group>";
		};
		8D6862E72B3E1AA500A2EA19 /* WeekView */ = {
			isa = PBXGroup;
			children = (
				8D6862E82B3E1AB500A2EA19 /* WeekView.swift */,
				8D6862EA2B3E1C5900A2EA19 /* WeekDayView.swift */,
			);
			path = WeekView;
			sourceTree = "<group>";
		};
		8D6862EE2B4324FD00A2EA19 /* Views */ = {
			isa = PBXGroup;
			children = (
				8D7CA1682B489F0700E1094A /* Steps */,
				8D7CA1672B489EFD00E1094A /* Stats */,
				8D6862F42B45F82400A2EA19 /* Timer */,
			);
			path = Views;
			sourceTree = "<group>";
		};
		8D6862F12B43506400A2EA19 /* Views */ = {
			isa = PBXGroup;
			children = (
				8D7CA17E2B4C5C0E00E1094A /* ChatsView */,
				8D7CA1702B49720E00E1094A /* BarsView */,
				8D57E00B2B39F680008934C8 /* WAButton.swift */,
				8D6862E52B3DB1CB00A2EA19 /* BaseView.swift */,
				8D6862EF2B43253000A2EA19 /* BaseInfoView.swift */,
			);
			path = Views;
			sourceTree = "<group>";
		};
		8D6862F42B45F82400A2EA19 /* Timer */ = {
			isa = PBXGroup;
			children = (
				8D6862F22B45F7A200A2EA19 /* TimerView.swift */,
				8D6862F52B45F83100A2EA19 /* ProgressView.swift */,
				8D7CA1652B488EA700E1094A /* PercentView.swift */,
			);
			path = Timer;
			sourceTree = "<group>";
		};
		8D7CA1672B489EFD00E1094A /* Stats */ = {
			isa = PBXGroup;
			children = (
				8D7CA16B2B48A17E00E1094A /* Views */,
				8D7CA1692B48A12300E1094A /* StatsView.swift */,
			);
			path = Stats;
			sourceTree = "<group>";
		};
		8D7CA1682B489F0700E1094A /* Steps */ = {
			isa = PBXGroup;
			children = (
				8D7CA16E2B4970B000E1094A /* StepsView.swift */,
			);
			path = Steps;
			sourceTree = "<group>";
		};
		8D7CA16B2B48A17E00E1094A /* Views */ = {
			isa = PBXGroup;
			children = (
				8D7CA16C2B48A18B00E1094A /* StatsItemView.swift */,
			);
			path = Views;
			sourceTree = "<group>";
		};
		8D7CA1702B49720E00E1094A /* BarsView */ = {
			isa = PBXGroup;
			children = (
				8D7CA1732B49724600E1094A /* Views */,
				8D7CA1712B49722100E1094A /* BarsView.swift */,
			);
			path = BarsView;
			sourceTree = "<group>";
		};
		8D7CA1732B49724600E1094A /* Views */ = {
			isa = PBXGroup;
			children = (
				8D7CA1752B49725F00E1094A /* BarView.swift */,
			);
			path = Views;
			sourceTree = "<group>";
		};
		8D7CA1772B4B4F2100E1094A /* Views */ = {
			isa = PBXGroup;
			children = (
				8D7CA17B2B4BFCA700E1094A /* MonthlyPerformanceView */,
				8D7CA1782B4B4F2F00E1094A /* DailyPerformanceView */,
			);
			path = Views;
			sourceTree = "<group>";
		};
		8D7CA1782B4B4F2F00E1094A /* DailyPerformanceView */ = {
			isa = PBXGroup;
			children = (
				8D7CA1792B4B4F5A00E1094A /* DailyPerformanceView.swift */,
			);
			path = DailyPerformanceView;
			sourceTree = "<group>";
		};
		8D7CA17B2B4BFCA700E1094A /* MonthlyPerformanceView */ = {
			isa = PBXGroup;
			children = (
				8D7CA17C2B4BFCC300E1094A /* MonthlyPerformanceView.swift */,
			);
			path = MonthlyPerformanceView;
			sourceTree = "<group>";
		};
		8D7CA17E2B4C5C0E00E1094A /* ChatsView */ = {
			isa = PBXGroup;
			children = (
				8D7CA17F2B4C5C1D00E1094A /* Views */,
				8D7CA1802B4C5C4900E1094A /* ChartsView.swift */,
			);
			path = ChatsView;
			sourceTree = "<group>";
		};
		8D7CA17F2B4C5C1D00E1094A /* Views */ = {
			isa = PBXGroup;
			children = (
				8D7CA1822B4C5F7F00E1094A /* YAxisView.swift */,
				8D7CA1842B4C619900E1094A /* XAxisView.swift */,
				8D7CA1862B4E893700E1094A /* ChartView.swift */,
			);
			path = Views;
			sourceTree = "<group>";
		};
		8D7CA1882B4FE46100E1094A /* NavBar */ = {
			isa = PBXGroup;
			children = (
				8D6862E32B3DB10900A2EA19 /* OverviewNavBar.swift */,
			);
			path = NavBar;
			sourceTree = "<group>";
		};
		8D7CA1892B4FE47600E1094A /* CollectionView */ = {
			isa = PBXGroup;
			children = (
				8D7CA18A2B4FE48800E1094A /* Views */,
			);
			path = CollectionView;
			sourceTree = "<group>";
		};
		8D7CA18A2B4FE48800E1094A /* Views */ = {
			isa = PBXGroup;
			children = (
				8D7CA18B2B4FE4BD00E1094A /* SectionHeaderView.swift */,
			);
			path = Views;
			sourceTree = "<group>";
		};
/* End PBXGroup section */

/* Begin PBXNativeTarget section */
		8D57DFB72B349491008934C8 /* sportTracker */ = {
			isa = PBXNativeTarget;
			buildConfigurationList = 8D57DFE22B349493008934C8 /* Build configuration list for PBXNativeTarget "sportTracker" */;
			buildPhases = (
				8D57DFB42B349491008934C8 /* Sources */,
				8D57DFB52B349491008934C8 /* Frameworks */,
				8D57DFB62B349491008934C8 /* Resources */,
			);
			buildRules = (
			);
			dependencies = (
			);
			name = sportTracker;
			packageProductDependencies = (
				8D57E00E2B39FE30008934C8 /* SnapKit */,
			);
			productName = sportTracker;
			productReference = 8D57DFB82B349491008934C8 /* sportTracker.app */;
			productType = "com.apple.product-type.application";
		};
		8D57DFCD2B349493008934C8 /* sportTrackerTests */ = {
			isa = PBXNativeTarget;
			buildConfigurationList = 8D57DFE52B349493008934C8 /* Build configuration list for PBXNativeTarget "sportTrackerTests" */;
			buildPhases = (
				8D57DFCA2B349493008934C8 /* Sources */,
				8D57DFCB2B349493008934C8 /* Frameworks */,
				8D57DFCC2B349493008934C8 /* Resources */,
			);
			buildRules = (
			);
			dependencies = (
				8D57DFD02B349493008934C8 /* PBXTargetDependency */,
			);
			name = sportTrackerTests;
			productName = sportTrackerTests;
			productReference = 8D57DFCE2B349493008934C8 /* sportTrackerTests.xctest */;
			productType = "com.apple.product-type.bundle.unit-test";
		};
		8D57DFD72B349493008934C8 /* sportTrackerUITests */ = {
			isa = PBXNativeTarget;
			buildConfigurationList = 8D57DFE82B349493008934C8 /* Build configuration list for PBXNativeTarget "sportTrackerUITests" */;
			buildPhases = (
				8D57DFD42B349493008934C8 /* Sources */,
				8D57DFD52B349493008934C8 /* Frameworks */,
				8D57DFD62B349493008934C8 /* Resources */,
			);
			buildRules = (
			);
			dependencies = (
				8D57DFDA2B349493008934C8 /* PBXTargetDependency */,
			);
			name = sportTrackerUITests;
			productName = sportTrackerUITests;
			productReference = 8D57DFD82B349493008934C8 /* sportTrackerUITests.xctest */;
			productType = "com.apple.product-type.bundle.ui-testing";
		};
/* End PBXNativeTarget section */

/* Begin PBXProject section */
		8D57DFB02B349491008934C8 /* Project object */ = {
			isa = PBXProject;
			attributes = {
				BuildIndependentTargetsInParallel = 1;
				LastSwiftUpdateCheck = 1510;
				LastUpgradeCheck = 1510;
				TargetAttributes = {
					8D57DFB72B349491008934C8 = {
						CreatedOnToolsVersion = 15.1;
					};
					8D57DFCD2B349493008934C8 = {
						CreatedOnToolsVersion = 15.1;
						TestTargetID = 8D57DFB72B349491008934C8;
					};
					8D57DFD72B349493008934C8 = {
						CreatedOnToolsVersion = 15.1;
						TestTargetID = 8D57DFB72B349491008934C8;
					};
				};
			};
			buildConfigurationList = 8D57DFB32B349491008934C8 /* Build configuration list for PBXProject "sportTracker" */;
			compatibilityVersion = "Xcode 14.0";
			developmentRegion = en;
			hasScannedForEncodings = 0;
			knownRegions = (
				en,
				Base,
			);
			mainGroup = 8D57DFAF2B349491008934C8;
			packageReferences = (
				8D57E00D2B39F7FF008934C8 /* XCRemoteSwiftPackageReference "SnapKit" */,
			);
			productRefGroup = 8D57DFB92B349491008934C8 /* Products */;
			projectDirPath = "";
			projectRoot = "";
			targets = (
				8D57DFB72B349491008934C8 /* sportTracker */,
				8D57DFCD2B349493008934C8 /* sportTrackerTests */,
				8D57DFD72B349493008934C8 /* sportTrackerUITests */,
			);
		};
/* End PBXProject section */

/* Begin PBXResourcesBuildPhase section */
		8D57DFB62B349491008934C8 /* Resources */ = {
			isa = PBXResourcesBuildPhase;
			buildActionMask = 2147483647;
			files = (
				8D57DFC82B349493008934C8 /* LaunchScreen.storyboard in Resources */,
				8D57DFC52B349493008934C8 /* Assets.xcassets in Resources */,
			);
			runOnlyForDeploymentPostprocessing = 0;
		};
		8D57DFCC2B349493008934C8 /* Resources */ = {
			isa = PBXResourcesBuildPhase;
			buildActionMask = 2147483647;
			files = (
			);
			runOnlyForDeploymentPostprocessing = 0;
		};
		8D57DFD62B349493008934C8 /* Resources */ = {
			isa = PBXResourcesBuildPhase;
			buildActionMask = 2147483647;
			files = (
			);
			runOnlyForDeploymentPostprocessing = 0;
		};
/* End PBXResourcesBuildPhase section */

/* Begin PBXSourcesBuildPhase section */
		8D57DFB42B349491008934C8 /* Sources */ = {
			isa = PBXSourcesBuildPhase;
			buildActionMask = 2147483647;
			files = (
				8D6862E92B3E1AB500A2EA19 /* WeekView.swift in Sources */,
				8D57E0092B34A78A008934C8 /* SettingsController.swift in Sources */,
				8D57DFC02B349491008934C8 /* OverviewController.swift in Sources */,
				8D6862E42B3DB10A00A2EA19 /* OverviewNavBar.swift in Sources */,
				8D57DFFB2B34A45B008934C8 /* UIView + ext.swift in Sources */,
				8D7CA17D2B4BFCC300E1094A /* MonthlyPerformanceView.swift in Sources */,
				8D57DFEE2B349725008934C8 /* TabBarController.swift in Sources */,
				8D57DFBC2B349491008934C8 /* AppDelegate.swift in Sources */,
				8D6862ED2B3E22F700A2EA19 /* Date.swift in Sources */,
				8D7CA1662B488EA700E1094A /* PercentView.swift in Sources */,
				8D7CA17A2B4B4F5A00E1094A /* DailyPerformanceView.swift in Sources */,
				8D57E0052B34A749008934C8 /* SessionController.swift in Sources */,
				8D6862F02B43253000A2EA19 /* BaseInfoView.swift in Sources */,
				8D6862F32B45F7A200A2EA19 /* TimerView.swift in Sources */,
				8D7CA1722B49722100E1094A /* BarsView.swift in Sources */,
				8D6862F62B45F83100A2EA19 /* ProgressView.swift in Sources */,
				8D7CA16F2B4970B000E1094A /* StepsView.swift in Sources */,
				8D7CA1812B4C5C4900E1094A /* ChartsView.swift in Sources */,
				8D7CA1852B4C619900E1094A /* XAxisView.swift in Sources */,
				8D7CA1832B4C5F7F00E1094A /* YAxisView.swift in Sources */,
				8D57E00C2B39F680008934C8 /* WAButton.swift in Sources */,
				8D57E0072B34A772008934C8 /* ProgressController.swift in Sources */,
				8D7CA16D2B48A18B00E1094A /* StatsItemView.swift in Sources */,
				8D7CA1762B49725F00E1094A /* BarView.swift in Sources */,
				8D57DFF62B34A02D008934C8 /* NavBarController.swift in Sources */,
				8D57DFF42B349892008934C8 /* Resourses.swift in Sources */,
				8D57DFF12B3497CB008934C8 /* UIColor + ext.swift in Sources */,
				8D7CA18C2B4FE4BD00E1094A /* SectionHeaderView.swift in Sources */,
				8D6862E62B3DB1CB00A2EA19 /* BaseView.swift in Sources */,
				8D6862EB2B3E1C5900A2EA19 /* WeekDayView.swift in Sources */,
				8D7CA1872B4E893700E1094A /* ChartView.swift in Sources */,
				8D7CA16A2B48A12300E1094A /* StatsView.swift in Sources */,
				8D57DFF92B34A2A7008934C8 /* BaseController.swift in Sources */,
				8D57DFBE2B349491008934C8 /* SceneDelegate.swift in Sources */,
			);
			runOnlyForDeploymentPostprocessing = 0;
		};
		8D57DFCA2B349493008934C8 /* Sources */ = {
			isa = PBXSourcesBuildPhase;
			buildActionMask = 2147483647;
			files = (
				8D57DFD32B349493008934C8 /* sportTrackerTests.swift in Sources */,
			);
			runOnlyForDeploymentPostprocessing = 0;
		};
		8D57DFD42B349493008934C8 /* Sources */ = {
			isa = PBXSourcesBuildPhase;
			buildActionMask = 2147483647;
			files = (
				8D57DFDF2B349493008934C8 /* sportTrackerUITestsLaunchTests.swift in Sources */,
				8D57DFDD2B349493008934C8 /* sportTrackerUITests.swift in Sources */,
			);
			runOnlyForDeploymentPostprocessing = 0;
		};
/* End PBXSourcesBuildPhase section */

/* Begin PBXTargetDependency section */
		8D57DFD02B349493008934C8 /* PBXTargetDependency */ = {
			isa = PBXTargetDependency;
			target = 8D57DFB72B349491008934C8 /* sportTracker */;
			targetProxy = 8D57DFCF2B349493008934C8 /* PBXContainerItemProxy */;
		};
		8D57DFDA2B349493008934C8 /* PBXTargetDependency */ = {
			isa = PBXTargetDependency;
			target = 8D57DFB72B349491008934C8 /* sportTracker */;
			targetProxy = 8D57DFD92B349493008934C8 /* PBXContainerItemProxy */;
		};
/* End PBXTargetDependency section */

/* Begin PBXVariantGroup section */
		8D57DFC62B349493008934C8 /* LaunchScreen.storyboard */ = {
			isa = PBXVariantGroup;
			children = (
				8D57DFC72B349493008934C8 /* Base */,
			);
			name = LaunchScreen.storyboard;
			sourceTree = "<group>";
		};
/* End PBXVariantGroup section */

/* Begin XCBuildConfiguration section */
		8D57DFE02B349493008934C8 /* Debug */ = {
			isa = XCBuildConfiguration;
			buildSettings = {
				ALWAYS_SEARCH_USER_PATHS = NO;
				ASSETCATALOG_COMPILER_GENERATE_SWIFT_ASSET_SYMBOL_EXTENSIONS = YES;
				CLANG_ANALYZER_NONNULL = YES;
				CLANG_ANALYZER_NUMBER_OBJECT_CONVERSION = YES_AGGRESSIVE;
				CLANG_CXX_LANGUAGE_STANDARD = "gnu++20";
				CLANG_ENABLE_MODULES = YES;
				CLANG_ENABLE_OBJC_ARC = YES;
				CLANG_ENABLE_OBJC_WEAK = YES;
				CLANG_WARN_BLOCK_CAPTURE_AUTORELEASING = YES;
				CLANG_WARN_BOOL_CONVERSION = YES;
				CLANG_WARN_COMMA = YES;
				CLANG_WARN_CONSTANT_CONVERSION = YES;
				CLANG_WARN_DEPRECATED_OBJC_IMPLEMENTATIONS = YES;
				CLANG_WARN_DIRECT_OBJC_ISA_USAGE = YES_ERROR;
				CLANG_WARN_DOCUMENTATION_COMMENTS = YES;
				CLANG_WARN_EMPTY_BODY = YES;
				CLANG_WARN_ENUM_CONVERSION = YES;
				CLANG_WARN_INFINITE_RECURSION = YES;
				CLANG_WARN_INT_CONVERSION = YES;
				CLANG_WARN_NON_LITERAL_NULL_CONVERSION = YES;
				CLANG_WARN_OBJC_IMPLICIT_RETAIN_SELF = YES;
				CLANG_WARN_OBJC_LITERAL_CONVERSION = YES;
				CLANG_WARN_OBJC_ROOT_CLASS = YES_ERROR;
				CLANG_WARN_QUOTED_INCLUDE_IN_FRAMEWORK_HEADER = YES;
				CLANG_WARN_RANGE_LOOP_ANALYSIS = YES;
				CLANG_WARN_STRICT_PROTOTYPES = YES;
				CLANG_WARN_SUSPICIOUS_MOVE = YES;
				CLANG_WARN_UNGUARDED_AVAILABILITY = YES_AGGRESSIVE;
				CLANG_WARN_UNREACHABLE_CODE = YES;
				CLANG_WARN__DUPLICATE_METHOD_MATCH = YES;
				COPY_PHASE_STRIP = NO;
				DEBUG_INFORMATION_FORMAT = dwarf;
				ENABLE_STRICT_OBJC_MSGSEND = YES;
				ENABLE_TESTABILITY = YES;
				ENABLE_USER_SCRIPT_SANDBOXING = YES;
				GCC_C_LANGUAGE_STANDARD = gnu17;
				GCC_DYNAMIC_NO_PIC = NO;
				GCC_NO_COMMON_BLOCKS = YES;
				GCC_OPTIMIZATION_LEVEL = 0;
				GCC_PREPROCESSOR_DEFINITIONS = (
					"DEBUG=1",
					"$(inherited)",
				);
				GCC_WARN_64_TO_32_BIT_CONVERSION = YES;
				GCC_WARN_ABOUT_RETURN_TYPE = YES_ERROR;
				GCC_WARN_UNDECLARED_SELECTOR = YES;
				GCC_WARN_UNINITIALIZED_AUTOS = YES_AGGRESSIVE;
				GCC_WARN_UNUSED_FUNCTION = YES;
				GCC_WARN_UNUSED_VARIABLE = YES;
				IPHONEOS_DEPLOYMENT_TARGET = 17.2;
				LOCALIZATION_PREFERS_STRING_CATALOGS = YES;
				MTL_ENABLE_DEBUG_INFO = INCLUDE_SOURCE;
				MTL_FAST_MATH = YES;
				ONLY_ACTIVE_ARCH = YES;
				SDKROOT = iphoneos;
				SWIFT_ACTIVE_COMPILATION_CONDITIONS = "DEBUG $(inherited)";
				SWIFT_OPTIMIZATION_LEVEL = "-Onone";
			};
			name = Debug;
		};
		8D57DFE12B349493008934C8 /* Release */ = {
			isa = XCBuildConfiguration;
			buildSettings = {
				ALWAYS_SEARCH_USER_PATHS = NO;
				ASSETCATALOG_COMPILER_GENERATE_SWIFT_ASSET_SYMBOL_EXTENSIONS = YES;
				CLANG_ANALYZER_NONNULL = YES;
				CLANG_ANALYZER_NUMBER_OBJECT_CONVERSION = YES_AGGRESSIVE;
				CLANG_CXX_LANGUAGE_STANDARD = "gnu++20";
				CLANG_ENABLE_MODULES = YES;
				CLANG_ENABLE_OBJC_ARC = YES;
				CLANG_ENABLE_OBJC_WEAK = YES;
				CLANG_WARN_BLOCK_CAPTURE_AUTORELEASING = YES;
				CLANG_WARN_BOOL_CONVERSION = YES;
				CLANG_WARN_COMMA = YES;
				CLANG_WARN_CONSTANT_CONVERSION = YES;
				CLANG_WARN_DEPRECATED_OBJC_IMPLEMENTATIONS = YES;
				CLANG_WARN_DIRECT_OBJC_ISA_USAGE = YES_ERROR;
				CLANG_WARN_DOCUMENTATION_COMMENTS = YES;
				CLANG_WARN_EMPTY_BODY = YES;
				CLANG_WARN_ENUM_CONVERSION = YES;
				CLANG_WARN_INFINITE_RECURSION = YES;
				CLANG_WARN_INT_CONVERSION = YES;
				CLANG_WARN_NON_LITERAL_NULL_CONVERSION = YES;
				CLANG_WARN_OBJC_IMPLICIT_RETAIN_SELF = YES;
				CLANG_WARN_OBJC_LITERAL_CONVERSION = YES;
				CLANG_WARN_OBJC_ROOT_CLASS = YES_ERROR;
				CLANG_WARN_QUOTED_INCLUDE_IN_FRAMEWORK_HEADER = YES;
				CLANG_WARN_RANGE_LOOP_ANALYSIS = YES;
				CLANG_WARN_STRICT_PROTOTYPES = YES;
				CLANG_WARN_SUSPICIOUS_MOVE = YES;
				CLANG_WARN_UNGUARDED_AVAILABILITY = YES_AGGRESSIVE;
				CLANG_WARN_UNREACHABLE_CODE = YES;
				CLANG_WARN__DUPLICATE_METHOD_MATCH = YES;
				COPY_PHASE_STRIP = NO;
				DEBUG_INFORMATION_FORMAT = "dwarf-with-dsym";
				ENABLE_NS_ASSERTIONS = NO;
				ENABLE_STRICT_OBJC_MSGSEND = YES;
				ENABLE_USER_SCRIPT_SANDBOXING = YES;
				GCC_C_LANGUAGE_STANDARD = gnu17;
				GCC_NO_COMMON_BLOCKS = YES;
				GCC_WARN_64_TO_32_BIT_CONVERSION = YES;
				GCC_WARN_ABOUT_RETURN_TYPE = YES_ERROR;
				GCC_WARN_UNDECLARED_SELECTOR = YES;
				GCC_WARN_UNINITIALIZED_AUTOS = YES_AGGRESSIVE;
				GCC_WARN_UNUSED_FUNCTION = YES;
				GCC_WARN_UNUSED_VARIABLE = YES;
				IPHONEOS_DEPLOYMENT_TARGET = 17.2;
				LOCALIZATION_PREFERS_STRING_CATALOGS = YES;
				MTL_ENABLE_DEBUG_INFO = NO;
				MTL_FAST_MATH = YES;
				SDKROOT = iphoneos;
				SWIFT_COMPILATION_MODE = wholemodule;
				VALIDATE_PRODUCT = YES;
			};
			name = Release;
		};
		8D57DFE32B349493008934C8 /* Debug */ = {
			isa = XCBuildConfiguration;
			buildSettings = {
				ASSETCATALOG_COMPILER_APPICON_NAME = AppIcon;
				ASSETCATALOG_COMPILER_GLOBAL_ACCENT_COLOR_NAME = AccentColor;
				CODE_SIGN_STYLE = Automatic;
				CURRENT_PROJECT_VERSION = 1;
				GENERATE_INFOPLIST_FILE = YES;
				INFOPLIST_FILE = sportTracker/SupportingFiles/Info.plist;
				INFOPLIST_KEY_UIApplicationSupportsIndirectInputEvents = YES;
				INFOPLIST_KEY_UILaunchStoryboardName = LaunchScreen;
				INFOPLIST_KEY_UISupportedInterfaceOrientations_iPad = "UIInterfaceOrientationPortrait UIInterfaceOrientationPortraitUpsideDown UIInterfaceOrientationLandscapeLeft UIInterfaceOrientationLandscapeRight";
				INFOPLIST_KEY_UISupportedInterfaceOrientations_iPhone = "UIInterfaceOrientationPortrait UIInterfaceOrientationLandscapeLeft UIInterfaceOrientationLandscapeRight";
				LD_RUNPATH_SEARCH_PATHS = (
					"$(inherited)",
					"@executable_path/Frameworks",
				);
				MARKETING_VERSION = 1.0;
				PRODUCT_BUNDLE_IDENTIFIER = ismail.sportTracker;
				PRODUCT_NAME = "$(TARGET_NAME)";
				SWIFT_EMIT_LOC_STRINGS = YES;
				SWIFT_VERSION = 5.0;
				TARGETED_DEVICE_FAMILY = "1,2";
			};
			name = Debug;
		};
		8D57DFE42B349493008934C8 /* Release */ = {
			isa = XCBuildConfiguration;
			buildSettings = {
				ASSETCATALOG_COMPILER_APPICON_NAME = AppIcon;
				ASSETCATALOG_COMPILER_GLOBAL_ACCENT_COLOR_NAME = AccentColor;
				CODE_SIGN_STYLE = Automatic;
				CURRENT_PROJECT_VERSION = 1;
				GENERATE_INFOPLIST_FILE = YES;
				INFOPLIST_FILE = sportTracker/SupportingFiles/Info.plist;
				INFOPLIST_KEY_UIApplicationSupportsIndirectInputEvents = YES;
				INFOPLIST_KEY_UILaunchStoryboardName = LaunchScreen;
				INFOPLIST_KEY_UISupportedInterfaceOrientations_iPad = "UIInterfaceOrientationPortrait UIInterfaceOrientationPortraitUpsideDown UIInterfaceOrientationLandscapeLeft UIInterfaceOrientationLandscapeRight";
				INFOPLIST_KEY_UISupportedInterfaceOrientations_iPhone = "UIInterfaceOrientationPortrait UIInterfaceOrientationLandscapeLeft UIInterfaceOrientationLandscapeRight";
				LD_RUNPATH_SEARCH_PATHS = (
					"$(inherited)",
					"@executable_path/Frameworks",
				);
				MARKETING_VERSION = 1.0;
				PRODUCT_BUNDLE_IDENTIFIER = ismail.sportTracker;
				PRODUCT_NAME = "$(TARGET_NAME)";
				SWIFT_EMIT_LOC_STRINGS = YES;
				SWIFT_VERSION = 5.0;
				TARGETED_DEVICE_FAMILY = "1,2";
			};
			name = Release;
		};
		8D57DFE62B349493008934C8 /* Debug */ = {
			isa = XCBuildConfiguration;
			buildSettings = {
				ALWAYS_EMBED_SWIFT_STANDARD_LIBRARIES = YES;
				BUNDLE_LOADER = "$(TEST_HOST)";
				CODE_SIGN_STYLE = Automatic;
				CURRENT_PROJECT_VERSION = 1;
				GENERATE_INFOPLIST_FILE = YES;
				IPHONEOS_DEPLOYMENT_TARGET = 17.2;
				MARKETING_VERSION = 1.0;
				PRODUCT_BUNDLE_IDENTIFIER = ismail.sportTrackerTests;
				PRODUCT_NAME = "$(TARGET_NAME)";
				SWIFT_EMIT_LOC_STRINGS = NO;
				SWIFT_VERSION = 5.0;
				TARGETED_DEVICE_FAMILY = "1,2";
				TEST_HOST = "$(BUILT_PRODUCTS_DIR)/sportTracker.app/$(BUNDLE_EXECUTABLE_FOLDER_PATH)/sportTracker";
			};
			name = Debug;
		};
		8D57DFE72B349493008934C8 /* Release */ = {
			isa = XCBuildConfiguration;
			buildSettings = {
				ALWAYS_EMBED_SWIFT_STANDARD_LIBRARIES = YES;
				BUNDLE_LOADER = "$(TEST_HOST)";
				CODE_SIGN_STYLE = Automatic;
				CURRENT_PROJECT_VERSION = 1;
				GENERATE_INFOPLIST_FILE = YES;
				IPHONEOS_DEPLOYMENT_TARGET = 17.2;
				MARKETING_VERSION = 1.0;
				PRODUCT_BUNDLE_IDENTIFIER = ismail.sportTrackerTests;
				PRODUCT_NAME = "$(TARGET_NAME)";
				SWIFT_EMIT_LOC_STRINGS = NO;
				SWIFT_VERSION = 5.0;
				TARGETED_DEVICE_FAMILY = "1,2";
				TEST_HOST = "$(BUILT_PRODUCTS_DIR)/sportTracker.app/$(BUNDLE_EXECUTABLE_FOLDER_PATH)/sportTracker";
			};
			name = Release;
		};
		8D57DFE92B349493008934C8 /* Debug */ = {
			isa = XCBuildConfiguration;
			buildSettings = {
				ALWAYS_EMBED_SWIFT_STANDARD_LIBRARIES = YES;
				CODE_SIGN_STYLE = Automatic;
				CURRENT_PROJECT_VERSION = 1;
				GENERATE_INFOPLIST_FILE = YES;
				MARKETING_VERSION = 1.0;
				PRODUCT_BUNDLE_IDENTIFIER = ismail.sportTrackerUITests;
				PRODUCT_NAME = "$(TARGET_NAME)";
				SWIFT_EMIT_LOC_STRINGS = NO;
				SWIFT_VERSION = 5.0;
				TARGETED_DEVICE_FAMILY = "1,2";
				TEST_TARGET_NAME = sportTracker;
			};
			name = Debug;
		};
		8D57DFEA2B349493008934C8 /* Release */ = {
			isa = XCBuildConfiguration;
			buildSettings = {
				ALWAYS_EMBED_SWIFT_STANDARD_LIBRARIES = YES;
				CODE_SIGN_STYLE = Automatic;
				CURRENT_PROJECT_VERSION = 1;
				GENERATE_INFOPLIST_FILE = YES;
				MARKETING_VERSION = 1.0;
				PRODUCT_BUNDLE_IDENTIFIER = ismail.sportTrackerUITests;
				PRODUCT_NAME = "$(TARGET_NAME)";
				SWIFT_EMIT_LOC_STRINGS = NO;
				SWIFT_VERSION = 5.0;
				TARGETED_DEVICE_FAMILY = "1,2";
				TEST_TARGET_NAME = sportTracker;
			};
			name = Release;
		};
/* End XCBuildConfiguration section */

/* Begin XCConfigurationList section */
		8D57DFB32B349491008934C8 /* Build configuration list for PBXProject "sportTracker" */ = {
			isa = XCConfigurationList;
			buildConfigurations = (
				8D57DFE02B349493008934C8 /* Debug */,
				8D57DFE12B349493008934C8 /* Release */,
			);
			defaultConfigurationIsVisible = 0;
			defaultConfigurationName = Release;
		};
		8D57DFE22B349493008934C8 /* Build configuration list for PBXNativeTarget "sportTracker" */ = {
			isa = XCConfigurationList;
			buildConfigurations = (
				8D57DFE32B349493008934C8 /* Debug */,
				8D57DFE42B349493008934C8 /* Release */,
			);
			defaultConfigurationIsVisible = 0;
			defaultConfigurationName = Release;
		};
		8D57DFE52B349493008934C8 /* Build configuration list for PBXNativeTarget "sportTrackerTests" */ = {
			isa = XCConfigurationList;
			buildConfigurations = (
				8D57DFE62B349493008934C8 /* Debug */,
				8D57DFE72B349493008934C8 /* Release */,
			);
			defaultConfigurationIsVisible = 0;
			defaultConfigurationName = Release;
		};
		8D57DFE82B349493008934C8 /* Build configuration list for PBXNativeTarget "sportTrackerUITests" */ = {
			isa = XCConfigurationList;
			buildConfigurations = (
				8D57DFE92B349493008934C8 /* Debug */,
				8D57DFEA2B349493008934C8 /* Release */,
			);
			defaultConfigurationIsVisible = 0;
			defaultConfigurationName = Release;
		};
/* End XCConfigurationList section */

/* Begin XCRemoteSwiftPackageReference section */
		8D57E00D2B39F7FF008934C8 /* XCRemoteSwiftPackageReference "SnapKit" */ = {
			isa = XCRemoteSwiftPackageReference;
			repositoryURL = "https://github.com/SnapKit/SnapKit.git";
			requirement = {
				kind = upToNextMajorVersion;
				minimumVersion = 5.6.0;
			};
		};
/* End XCRemoteSwiftPackageReference section */

/* Begin XCSwiftPackageProductDependency section */
		8D57E00E2B39FE30008934C8 /* SnapKit */ = {
			isa = XCSwiftPackageProductDependency;
			package = 8D57E00D2B39F7FF008934C8 /* XCRemoteSwiftPackageReference "SnapKit" */;
			productName = SnapKit;
		};
/* End XCSwiftPackageProductDependency section */
	};
	rootObject = 8D57DFB02B349491008934C8 /* Project object */;
}
